{
  "name": "33_backend_1",
  "version": "1.0.0",
  "lockfileVersion": 3,
  "requires": true,
  "packages": {
    "": {
      "name": "33_backend_1",
      "version": "1.0.0",
      "license": "ISC",
      "dependencies": {
        "figlet": "^1.9.1",
        "random-word": "^3.0.0"
      },
      "devDependencies": {
        "husky": "^9.1.7"
      }
    },
    "node_modules/commander": {
      "version": "14.0.1",
      "resolved": "https://registry.npmjs.org/commander/-/commander-14.0.1.tgz",
      "integrity": "sha512-2JkV3gUZUVrbNA+1sjBOYLsMZ5cEEl8GTFP2a4AVz5hvasAMCQ1D2l2le/cX+pV4N6ZU17zjUahLpIXRrnWL8A==",
      "license": "MIT",
      "engines": {
        "node": ">=20"
      }
    },
    "node_modules/figlet": {
      "version": "1.9.1",
      "resolved": "https://registry.npmjs.org/figlet/-/figlet-1.9.1.tgz",
      "integrity": "sha512-DpKC89iXFjq6NCaIQ1O91R+ofpfyvkwuBfoVd8LpP/JZGZQpelMXgiTStGOfksuMYaDoBAwFlvx7mk+wX+3rrA==",
      "license": "MIT",
      "dependencies": {
        "commander": "^14.0.0"
      },
      "bin": {
        "figlet": "bin/index.js"
      },
      "engines": {
        "node": ">= 17.0.0"
      }
    },
    "node_modules/husky": {
      "version": "9.1.7",
      "resolved": "https://registry.npmjs.org/husky/-/husky-9.1.7.tgz",
      "integrity": "sha512-5gs5ytaNjBrh5Ow3zrvdUUY+0VxIuWVL4i9irt6friV+BqdCfmV11CQTWMiBYWHbXhco+J1kHfTOUkePhCDvMA==",
      "dev": true,
      "license": "MIT",
      "bin": {
        "husky": "bin.js"
      },
      "engines": {
        "node": ">=18"
      },
      "funding": {
        "url": "https://github.com/sponsors/typicode"
      }
    },
    "node_modules/random-word": {
      "version": "3.0.0",
      "resolved": "https://registry.npmjs.org/random-word/-/random-word-3.0.0.tgz",
      "integrity": "sha512-u7WuGBPh4KYMpzm2FRK2FtV7q28EzWULhdu0HSxWT8xTrZUpjZGmUDDi/1g15obzfCeN3avCuA4XETUzoEFotg==",
      "license": "MIT",
      "dependencies": {
        "unique-random-array": "^3.0.0",
        "word-list": "^4.0.0"
      },
      "engines": {
        "node": ">=18"
      },
      "funding": {
        "url": "https://github.com/sponsors/sindresorhus"
      }
    },
    "node_modules/unique-random": {
      "version": "3.0.0",
      "resolved": "https://registry.npmjs.org/unique-random/-/unique-random-3.0.0.tgz",
      "integrity": "sha512-4vjtE3pH6xO5OmsSmjc6KPgHy2rbCw66BbMRLIyXkuq+WzOKA1oNkqQ+Y7Lh+sE0DrOrWMSpFkivhhzCF7J6HA==",
      "license": "MIT",
      "engines": {
        "node": ">=12"
      },
      "funding": {
        "url": "https://github.com/sponsors/sindresorhus"
      }
    },
    "node_modules/unique-random-array": {
      "version": "3.0.0",
      "resolved": "https://registry.npmjs.org/unique-random-array/-/unique-random-array-3.0.0.tgz",
      "integrity": "sha512-AETNmMf8dV7VfCu4pM5SO1nKkZZp3lZsbHk9VxkvR2ZjMYy4mzWwzez0g+ZtYIr+RaVH+UN8A003E7woM/ud7Q==",
      "license": "MIT",
      "dependencies": {
        "unique-random": "^3.0.0"
      },
      "engines": {
        "node": ">=12"
      },
      "funding": {
        "url": "https://github.com/sponsors/sindresorhus"
      }
    },
    "node_modules/word-list": {
      "version": "4.1.0",
      "resolved": "https://registry.npmjs.org/word-list/-/word-list-4.1.0.tgz",
      "integrity": "sha512-4vtKyH8lGfaY8DHLTKQDfDxPixdK6BC/2W38TsPE07Wc8uPrMIbEO3quxBFSa2BfsDyG6pW47UEN/9tfYxN6BA==",
      "license": "MIT",
      "engines": {
        "node": ">=18"
      },
      "funding": {
        "url": "https://github.com/sponsors/sindresorhus"
      }
    }
  }
}
